lockfile_version: '1'
generated_at: '2026-09-26T21:40:26.003220+00:00'
apm_version: 0.28.0
dependencies:
- repo_url: lostandfound/kb-harness-core
  name: kb-harness-core
  host: github.com
  resolved_commit: d00b35a004e641ed70d504f629beb49cf1e3a5c0
  resolved_ref: v0.7.0
  version: 0.7.0
  package_type: apm_package
  deployed_files:
  - .agents/skills/add-entity
  - .agents/skills/add-entity/SKILL.md
  - .agents/skills/audit-harness
  - .agents/skills/audit-harness/SKILL.md
  - .agents/skills/check-okf
  - .agents/skills/check-okf/SKILL.md
  - .agents/skills/expand-kb
  - .agents/skills/expand-kb/SKILL.md
  - .agents/skills/explore-kb
  - .agents/skills/explore-kb/SKILL.md
  - .agents/skills/find-book
  - .agents/skills/find-book/SKILL.md
  - .agents/skills/find-paper
  - .agents/skills/find-paper/SKILL.md
  - .agents/skills/ndl-digicolle
  - .agents/skills/ndl-digicolle/SKILL.md
  - .agents/skills/review-doc
  - .agents/skills/review-doc/SKILL.md
  - .agents/skills/review-entity-model
  - .agents/skills/review-entity-model/SKILL.md
  - .codex/agents/evidence-reviewer.toml
  - .codex/agents/rag-tester.toml
  deployed_file_hashes:
    .agents/skills/add-entity/SKILL.md: sha256:93da9c798a10d78b857e3d739c99949c0190b55cbba019f6f0162488667ddaa3
    .agents/skills/audit-harness/SKILL.md: sha256:c642d53d799867e441ab18ad58b9be5d4dd2ea3259bc6c472a489d4d3dad20d8
    .agents/skills/check-okf/SKILL.md: sha256:b77dc499639179fca9500f6e37cec2a9302bb58e50878609563bf651a35eb12c
    .agents/skills/expand-kb/SKILL.md: sha256:378521b10599c44e8f26b48e11370d9020f50ba3cbffcf1424cb9341aec45da2
    .agents/skills/explore-kb/SKILL.md: sha256:ab346a616870d94d645fdc5b52226e75c49aa765ede7988466bb9d1b43327dc8
    .agents/skills/find-book/SKILL.md: sha256:33e8b3ff179bd4b93067a6f41f160572f39a094923666aa456fda5223d7a3002
    .agents/skills/find-paper/SKILL.md: sha256:0e3e1deeee631c2b6bc6526c8f67e5036450913efb15c7b752b843bfdc296622
    .agents/skills/ndl-digicolle/SKILL.md: sha256:fe14eef516343f008c123a8cbe006b840cbf390691f8ad39d08fccd90d0d0083
    .agents/skills/review-doc/SKILL.md: sha256:4144c2915fc399bab78d3d84befbe21b0b16ac62f56588b005428aaed6d38b49
    .agents/skills/review-entity-model/SKILL.md: sha256:ab18a6e77b042d8dc48d4fd1640a2c6412ad3bb156f165c9ced25a0b2f816590
    .codex/agents/evidence-reviewer.toml: sha256:46030a863a81fbf1535800ac7dedf5caa332c13aa54a09f64215437ac6fbc91b
    .codex/agents/rag-tester.toml: sha256:5ebdee4bd6e8db738aa9833396696ccd1dc03f8318ca252ba3944d4279a97867
  content_hash: sha256:e2afcc62452bb2d8826efddd0d216d4e07df8b1e160a46c1c9f32a058d4dd71f
  is_dev: true
  declared_license: MIT
deployments:
- kind: project-relative
  target: codex
  value: .agents/skills/add-entity
  runtime: null
  scope: project
  owners:
  - lostandfound/kb-harness-core
  active_owner: lostandfound/kb-harness-core
  content_hash: null
- kind: project-relative
  target: codex
  value: .agents/skills/add-entity/SKILL.md
  runtime: null
  scope: project
  owners:
  - lostandfound/kb-harness-core
  active_owner: lostandfound/kb-harness-core
  content_hash: sha256:93da9c798a10d78b857e3d739c99949c0190b55cbba019f6f0162488667ddaa3
- kind: project-relative
  target: codex
  value: .agents/skills/audit-harness
  runtime: null
  scope: project
  owners:
  - lostandfound/kb-harness-core
  active_owner: lostandfound/kb-harness-core
  content_hash: null
- kind: project-relative
  target: codex
  value: .agents/skills/audit-harness/SKILL.md
  runtime: null
  scope: project
  owners:
  - lostandfound/kb-harness-core
  active_owner: lostandfound/kb-harness-core
  content_hash: sha256:c642d53d799867e441ab18ad58b9be5d4dd2ea3259bc6c472a489d4d3dad20d8
- kind: project-relative
  target: codex
  value: .agents/skills/check-okf
  runtime: null
  scope: project
  owners:
  - lostandfound/kb-harness-core
  active_owner: lostandfound/kb-harness-core
  content_hash: null
- kind: project-relative
  target: codex
  value: .agents/skills/check-okf/SKILL.md
  runtime: null
  scope: project
  owners:
  - lostandfound/kb-harness-core
  active_owner: lostandfound/kb-harness-core
  content_hash: sha256:b77dc499639179fca9500f6e37cec2a9302bb58e50878609563bf651a35eb12c
- kind: project-relative
  target: codex
  value: .agents/skills/expand-kb
  runtime: null
  scope: project
  owners:
  - lostandfound/kb-harness-core
  active_owner: lostandfound/kb-harness-core
  content_hash: null
- kind: project-relative
  target: codex
  value: .agents/skills/expand-kb/SKILL.md
  runtime: null
  scope: project
  owners:
  - lostandfound/kb-harness-core
  active_owner: lostandfound/kb-harness-core
  content_hash: sha256:378521b10599c44e8f26b48e11370d9020f50ba3cbffcf1424cb9341aec45da2
- kind: project-relative
  target: codex
  value: .agents/skills/explore-kb
  runtime: null
  scope: project
  owners:
  - lostandfound/kb-harness-core
  active_owner: lostandfound/kb-harness-core
  content_hash: null
- kind: project-relative
  target: codex
  value: .agents/skills/explore-kb/SKILL.md
  runtime: null
  scope: project
  owners:
  - lostandfound/kb-harness-core
  active_owner: lostandfound/kb-harness-core
  content_hash: sha256:ab346a616870d94d645fdc5b52226e75c49aa765ede7988466bb9d1b43327dc8
- kind: project-relative
  target: codex
  value: .agents/skills/find-book
  runtime: null
  scope: project
  owners:
  - lostandfound/kb-harness-core
  active_owner: lostandfound/kb-harness-core
  content_hash: null
- kind: project-relative
  target: codex
  value: .agents/skills/find-book/SKILL.md
  runtime: null
  scope: project
  owners:
  - lostandfound/kb-harness-core
  active_owner: lostandfound/kb-harness-core
  content_hash: sha256:33e8b3ff179bd4b93067a6f41f160572f39a094923666aa456fda5223d7a3002
- kind: project-relative
  target: codex
  value: .agents/skills/find-paper
  runtime: null
  scope: project
  owners:
  - lostandfound/kb-harness-core
  active_owner: lostandfound/kb-harness-core
  content_hash: null
- kind: project-relative
  target: codex
  value: .agents/skills/find-paper/SKILL.md
  runtime: null
  scope: project
  owners:
  - lostandfound/kb-harness-core
  active_owner: lostandfound/kb-harness-core
  content_hash: sha256:0e3e1deeee631c2b6bc6526c8f67e5036450913efb15c7b752b843bfdc296622
- kind: project-relative
  target: codex
  value: .agents/skills/ndl-digicolle
  runtime: null
  scope: project
  owners:
  - lostandfound/kb-harness-core
  active_owner: lostandfound/kb-harness-core
  content_hash: null
- kind: project-relative
  target: codex
  value: .agents/skills/ndl-digicolle/SKILL.md
  runtime: null
  scope: project
  owners:
  - lostandfound/kb-harness-core
  active_owner: lostandfound/kb-harness-core
  content_hash: sha256:fe14eef516343f008c123a8cbe006b840cbf390691f8ad39d08fccd90d0d0083
- kind: project-relative
  target: codex
  value: .agents/skills/review-doc
  runtime: null
  scope: project
  owners:
  - lostandfound/kb-harness-core
  active_owner: lostandfound/kb-harness-core
  content_hash: null
- kind: project-relative
  target: codex
  value: .agents/skills/review-doc/SKILL.md
  runtime: null
  scope: project
  owners:
  - lostandfound/kb-harness-core
  active_owner: lostandfound/kb-harness-core
  content_hash: sha256:4144c2915fc399bab78d3d84befbe21b0b16ac62f56588b005428aaed6d38b49
- kind: project-relative
  target: codex
  value: .agents/skills/review-entity-model
  runtime: null
  scope: project
  owners:
  - lostandfound/kb-harness-core
  active_owner: lostandfound/kb-harness-core
  content_hash: null
- kind: project-relative
  target: codex
  value: .agents/skills/review-entity-model/SKILL.md
  runtime: null
  scope: project
  owners:
  - lostandfound/kb-harness-core
  active_owner: lostandfound/kb-harness-core
  content_hash: sha256:ab18a6e77b042d8dc48d4fd1640a2c6412ad3bb156f165c9ced25a0b2f816590
- kind: project-relative
  target: codex
  value: .codex/agents/evidence-reviewer.toml
  runtime: null
  scope: project
  owners:
  - lostandfound/kb-harness-core
  active_owner: lostandfound/kb-harness-core
  content_hash: sha256:46030a863a81fbf1535800ac7dedf5caa332c13aa54a09f64215437ac6fbc91b
- kind: project-relative
  target: codex
  value: .codex/agents/rag-tester.toml
  runtime: null
  scope: project
  owners:
  - lostandfound/kb-harness-core
  active_owner: lostandfound/kb-harness-core
  content_hash: sha256:5ebdee4bd6e8db738aa9833396696ccd1dc03f8318ca252ba3944d4279a97867
